
Microsoft Visual Studio Solution File, Format Version 12.00
# Visual Studio Version 16
VisualStudioVersion = 16.0.31321.278
MinimumVisualStudioVersion = 10.0.40219.1
Project("{FAE04EC0-301F-11D3-BF4B-00C04F79EFBC}") = "CSharpTraining", "CSharpTraining\CSharpTraining.csproj", "{189514B0-156E-4949-A3E8-6ED9CF0B4ED5}"
EndProject
Project("{FAE04EC0-301F-11D3-BF4B-00C04F79EFBC}") = "CSharpData", "CSharpData\CSharpData.csproj", "{C383E620-26CB-4CC4-AFD9-F185A695E483}"
EndProject
Global
	GlobalSection(SolutionConfigurationPlatforms) = preSolution
		Debug|Any CPU = Debug|Any CPU
		Release|Any CPU = Release|Any CPU
	EndGlobalSection
	GlobalSection(ProjectConfigurationPlatforms) = postSolution
		{189514B0-156E-4949-A3E8-6ED9CF0B4ED5}.Debug|Any CPU.ActiveCfg = Debug|Any CPU
		{189514B0-156E-4949-A3E8-6ED9CF0B4ED5}.Debug|Any CPU.Build.0 = Debug|Any CPU
		{189514B0-156E-4949-A3E8-6ED9CF0B4ED5}.Release|Any CPU.ActiveCfg = Release|Any CPU
		{189514B0-156E-4949-A3E8-6ED9CF0B4ED5}.Release|Any CPU.Build.0 = Release|Any CPU
		{C383E620-26CB-4CC4-AFD9-F185A695E483}.Debug|Any CPU.ActiveCfg = Debug|Any CPU
		{C383E620-26CB-4CC4-AFD9-F185A695E483}.Debug|Any CPU.Build.0 = Debug|Any CPU
		{C383E620-26CB-4CC4-AFD9-F185A695E483}.Release|Any CPU.ActiveCfg = Release|Any CPU
		{C383E620-26CB-4CC4-AFD9-F185A695E483}.Release|Any CPU.Build.0 = Release|Any CPU
	EndGlobalSection
	GlobalSection(SolutionProperties) = preSolution
		HideSolutionNode = FALSE
	EndGlobalSection
	GlobalSection(ExtensibilityGlobals) = postSolution
		SolutionGuid = {2475D0AD-0691-4396-AB0D-A3BAA091D13B}
	EndGlobalSection
EndGlobal
